
Microsoft Visual Studio Solution File, Format Version 12.00
# Visual Studio Version 17
VisualStudioVersion = 17.0.31903.59
MinimumVisualStudioVersion = 10.0.40219.1
Project("{FAE04EC0-301F-11D3-BF4B-00C04F79EFBC}") = "Client", "Client\Client.csproj", "{624B1BEA-4995-4AF9-9D6F-6A812754625A}"
EndProject
Project("{FAE04EC0-301F-11D3-BF4B-00C04F79EFBC}") = "GrpcServer", "GrpcServer\GrpcServer.csproj", "{4BD1AE3F-C3A9-4019-9486-C226F1724E6C}"
EndProject
Global
	GlobalSection(SolutionConfigurationPlatforms) = preSolution
		Debug|Any CPU = Debug|Any CPU
		Release|Any CPU = Release|Any CPU
	EndGlobalSection
	GlobalSection(SolutionProperties) = preSolution
		HideSolutionNode = FALSE
	EndGlobalSection
	GlobalSection(ProjectConfigurationPlatforms) = postSolution
		{624B1BEA-4995-4AF9-9D6F-6A812754625A}.Debug|Any CPU.ActiveCfg = Debug|Any CPU
		{624B1BEA-4995-4AF9-9D6F-6A812754625A}.Debug|Any CPU.Build.0 = Debug|Any CPU
		{624B1BEA-4995-4AF9-9D6F-6A812754625A}.Release|Any CPU.ActiveCfg = Release|Any CPU
		{624B1BEA-4995-4AF9-9D6F-6A812754625A}.Release|Any CPU.Build.0 = Release|Any CPU
		{4BD1AE3F-C3A9-4019-9486-C226F1724E6C}.Debug|Any CPU.ActiveCfg = Debug|Any CPU
		{4BD1AE3F-C3A9-4019-9486-C226F1724E6C}.Debug|Any CPU.Build.0 = Debug|Any CPU
		{4BD1AE3F-C3A9-4019-9486-C226F1724E6C}.Release|Any CPU.ActiveCfg = Release|Any CPU
		{4BD1AE3F-C3A9-4019-9486-C226F1724E6C}.Release|Any CPU.Build.0 = Release|Any CPU
	EndGlobalSection
EndGlobal
