
Microsoft Visual Studio Solution File, Format Version 12.00
# Visual Studio Version 17
VisualStudioVersion = 17.0.31903.59
MinimumVisualStudioVersion = 10.0.40219.1
Project("{FAE04EC0-301F-11D3-BF4B-00C04F79EFBC}") = "socket_Servidor", "socket_Servidor\socket_Servidor.csproj", "{C497274E-42E8-44DA-B38E-43B6C67A6816}"
EndProject
Project("{FAE04EC0-301F-11D3-BF4B-00C04F79EFBC}") = "socket_Cliente", "socket_Cliente\socket_Cliente.csproj", "{61835A65-2A27-47CE-B720-569B1087A372}"
EndProject
Global
	GlobalSection(SolutionConfigurationPlatforms) = preSolution
		Debug|Any CPU = Debug|Any CPU
		Release|Any CPU = Release|Any CPU
	EndGlobalSection
	GlobalSection(SolutionProperties) = preSolution
		HideSolutionNode = FALSE
	EndGlobalSection
	GlobalSection(ProjectConfigurationPlatforms) = postSolution
		{C497274E-42E8-44DA-B38E-43B6C67A6816}.Debug|Any CPU.ActiveCfg = Debug|Any CPU
		{C497274E-42E8-44DA-B38E-43B6C67A6816}.Debug|Any CPU.Build.0 = Debug|Any CPU
		{C497274E-42E8-44DA-B38E-43B6C67A6816}.Release|Any CPU.ActiveCfg = Release|Any CPU
		{C497274E-42E8-44DA-B38E-43B6C67A6816}.Release|Any CPU.Build.0 = Release|Any CPU
		{61835A65-2A27-47CE-B720-569B1087A372}.Debug|Any CPU.ActiveCfg = Debug|Any CPU
		{61835A65-2A27-47CE-B720-569B1087A372}.Debug|Any CPU.Build.0 = Debug|Any CPU
		{61835A65-2A27-47CE-B720-569B1087A372}.Release|Any CPU.ActiveCfg = Release|Any CPU
		{61835A65-2A27-47CE-B720-569B1087A372}.Release|Any CPU.Build.0 = Release|Any CPU
	EndGlobalSection
EndGlobal
