
Microsoft Visual Studio Solution File, Format Version 12.00
# Visual Studio Version 17
VisualStudioVersion = 17.0.31903.59
MinimumVisualStudioVersion = 10.0.40219.1
Project("{FAE04EC0-301F-11D3-BF4B-00C04F79EFBC}") = "Desayuno", "Desayuno\Desayuno.csproj", "{C41E3BA6-CB19-483F-9D6B-C334512D81D2}"
EndProject
Project("{FAE04EC0-301F-11D3-BF4B-00C04F79EFBC}") = "DesayunoV2", "DesayunoV2\DesayunoV2.csproj", "{485D2E63-9D68-4D2C-9D7D-6C1038481332}"
EndProject
Project("{FAE04EC0-301F-11D3-BF4B-00C04F79EFBC}") = "DesayunoV3", "DesayunoV3\DesayunoV3.csproj", "{C91B9783-530F-4B95-98B2-CA5AADAF90F0}"
EndProject
Project("{FAE04EC0-301F-11D3-BF4B-00C04F79EFBC}") = "DesayunoV4", "DesayunoV4\DesayunoV4.csproj", "{6599799B-3871-4283-9A63-5C0E0A6BB616}"
EndProject
Project("{FAE04EC0-301F-11D3-BF4B-00C04F79EFBC}") = "DesayunoV5", "DesayunoV5\DesayunoV5.csproj", "{E9EA4388-37B8-4740-83E1-C7F90F7C291E}"
EndProject
Global
	GlobalSection(SolutionConfigurationPlatforms) = preSolution
		Debug|Any CPU = Debug|Any CPU
		Debug|x64 = Debug|x64
		Debug|x86 = Debug|x86
		Release|Any CPU = Release|Any CPU
		Release|x64 = Release|x64
		Release|x86 = Release|x86
	EndGlobalSection
	GlobalSection(ProjectConfigurationPlatforms) = postSolution
		{C41E3BA6-CB19-483F-9D6B-C334512D81D2}.Debug|Any CPU.ActiveCfg = Debug|Any CPU
		{C41E3BA6-CB19-483F-9D6B-C334512D81D2}.Debug|Any CPU.Build.0 = Debug|Any CPU
		{C41E3BA6-CB19-483F-9D6B-C334512D81D2}.Debug|x64.ActiveCfg = Debug|Any CPU
		{C41E3BA6-CB19-483F-9D6B-C334512D81D2}.Debug|x64.Build.0 = Debug|Any CPU
		{C41E3BA6-CB19-483F-9D6B-C334512D81D2}.Debug|x86.ActiveCfg = Debug|Any CPU
		{C41E3BA6-CB19-483F-9D6B-C334512D81D2}.Debug|x86.Build.0 = Debug|Any CPU
		{C41E3BA6-CB19-483F-9D6B-C334512D81D2}.Release|Any CPU.ActiveCfg = Release|Any CPU
		{C41E3BA6-CB19-483F-9D6B-C334512D81D2}.Release|Any CPU.Build.0 = Release|Any CPU
		{C41E3BA6-CB19-483F-9D6B-C334512D81D2}.Release|x64.ActiveCfg = Release|Any CPU
		{C41E3BA6-CB19-483F-9D6B-C334512D81D2}.Release|x64.Build.0 = Release|Any CPU
		{C41E3BA6-CB19-483F-9D6B-C334512D81D2}.Release|x86.ActiveCfg = Release|Any CPU
		{C41E3BA6-CB19-483F-9D6B-C334512D81D2}.Release|x86.Build.0 = Release|Any CPU
		{485D2E63-9D68-4D2C-9D7D-6C1038481332}.Debug|Any CPU.ActiveCfg = Debug|Any CPU
		{485D2E63-9D68-4D2C-9D7D-6C1038481332}.Debug|Any CPU.Build.0 = Debug|Any CPU
		{485D2E63-9D68-4D2C-9D7D-6C1038481332}.Debug|x64.ActiveCfg = Debug|Any CPU
		{485D2E63-9D68-4D2C-9D7D-6C1038481332}.Debug|x64.Build.0 = Debug|Any CPU
		{485D2E63-9D68-4D2C-9D7D-6C1038481332}.Debug|x86.ActiveCfg = Debug|Any CPU
		{485D2E63-9D68-4D2C-9D7D-6C1038481332}.Debug|x86.Build.0 = Debug|Any CPU
		{485D2E63-9D68-4D2C-9D7D-6C1038481332}.Release|Any CPU.ActiveCfg = Release|Any CPU
		{485D2E63-9D68-4D2C-9D7D-6C1038481332}.Release|Any CPU.Build.0 = Release|Any CPU
		{485D2E63-9D68-4D2C-9D7D-6C1038481332}.Release|x64.ActiveCfg = Release|Any CPU
		{485D2E63-9D68-4D2C-9D7D-6C1038481332}.Release|x64.Build.0 = Release|Any CPU
		{485D2E63-9D68-4D2C-9D7D-6C1038481332}.Release|x86.ActiveCfg = Release|Any CPU
		{485D2E63-9D68-4D2C-9D7D-6C1038481332}.Release|x86.Build.0 = Release|Any CPU
		{C91B9783-530F-4B95-98B2-CA5AADAF90F0}.Debug|Any CPU.ActiveCfg = Debug|Any CPU
		{C91B9783-530F-4B95-98B2-CA5AADAF90F0}.Debug|Any CPU.Build.0 = Debug|Any CPU
		{C91B9783-530F-4B95-98B2-CA5AADAF90F0}.Debug|x64.ActiveCfg = Debug|Any CPU
		{C91B9783-530F-4B95-98B2-CA5AADAF90F0}.Debug|x64.Build.0 = Debug|Any CPU
		{C91B9783-530F-4B95-98B2-CA5AADAF90F0}.Debug|x86.ActiveCfg = Debug|Any CPU
		{C91B9783-530F-4B95-98B2-CA5AADAF90F0}.Debug|x86.Build.0 = Debug|Any CPU
		{C91B9783-530F-4B95-98B2-CA5AADAF90F0}.Release|Any CPU.ActiveCfg = Release|Any CPU
		{C91B9783-530F-4B95-98B2-CA5AADAF90F0}.Release|Any CPU.Build.0 = Release|Any CPU
		{C91B9783-530F-4B95-98B2-CA5AADAF90F0}.Release|x64.ActiveCfg = Release|Any CPU
		{C91B9783-530F-4B95-98B2-CA5AADAF90F0}.Release|x64.Build.0 = Release|Any CPU
		{C91B9783-530F-4B95-98B2-CA5AADAF90F0}.Release|x86.ActiveCfg = Release|Any CPU
		{C91B9783-530F-4B95-98B2-CA5AADAF90F0}.Release|x86.Build.0 = Release|Any CPU
		{6599799B-3871-4283-9A63-5C0E0A6BB616}.Debug|Any CPU.ActiveCfg = Debug|Any CPU
		{6599799B-3871-4283-9A63-5C0E0A6BB616}.Debug|Any CPU.Build.0 = Debug|Any CPU
		{6599799B-3871-4283-9A63-5C0E0A6BB616}.Debug|x64.ActiveCfg = Debug|Any CPU
		{6599799B-3871-4283-9A63-5C0E0A6BB616}.Debug|x64.Build.0 = Debug|Any CPU
		{6599799B-3871-4283-9A63-5C0E0A6BB616}.Debug|x86.ActiveCfg = Debug|Any CPU
		{6599799B-3871-4283-9A63-5C0E0A6BB616}.Debug|x86.Build.0 = Debug|Any CPU
		{6599799B-3871-4283-9A63-5C0E0A6BB616}.Release|Any CPU.ActiveCfg = Release|Any CPU
		{6599799B-3871-4283-9A63-5C0E0A6BB616}.Release|Any CPU.Build.0 = Release|Any CPU
		{6599799B-3871-4283-9A63-5C0E0A6BB616}.Release|x64.ActiveCfg = Release|Any CPU
		{6599799B-3871-4283-9A63-5C0E0A6BB616}.Release|x64.Build.0 = Release|Any CPU
		{6599799B-3871-4283-9A63-5C0E0A6BB616}.Release|x86.ActiveCfg = Release|Any CPU
		{6599799B-3871-4283-9A63-5C0E0A6BB616}.Release|x86.Build.0 = Release|Any CPU
		{E9EA4388-37B8-4740-83E1-C7F90F7C291E}.Debug|Any CPU.ActiveCfg = Debug|Any CPU
		{E9EA4388-37B8-4740-83E1-C7F90F7C291E}.Debug|Any CPU.Build.0 = Debug|Any CPU
		{E9EA4388-37B8-4740-83E1-C7F90F7C291E}.Debug|x64.ActiveCfg = Debug|Any CPU
		{E9EA4388-37B8-4740-83E1-C7F90F7C291E}.Debug|x64.Build.0 = Debug|Any CPU
		{E9EA4388-37B8-4740-83E1-C7F90F7C291E}.Debug|x86.ActiveCfg = Debug|Any CPU
		{E9EA4388-37B8-4740-83E1-C7F90F7C291E}.Debug|x86.Build.0 = Debug|Any CPU
		{E9EA4388-37B8-4740-83E1-C7F90F7C291E}.Release|Any CPU.ActiveCfg = Release|Any CPU
		{E9EA4388-37B8-4740-83E1-C7F90F7C291E}.Release|Any CPU.Build.0 = Release|Any CPU
		{E9EA4388-37B8-4740-83E1-C7F90F7C291E}.Release|x64.ActiveCfg = Release|Any CPU
		{E9EA4388-37B8-4740-83E1-C7F90F7C291E}.Release|x64.Build.0 = Release|Any CPU
		{E9EA4388-37B8-4740-83E1-C7F90F7C291E}.Release|x86.ActiveCfg = Release|Any CPU
		{E9EA4388-37B8-4740-83E1-C7F90F7C291E}.Release|x86.Build.0 = Release|Any CPU
	EndGlobalSection
	GlobalSection(SolutionProperties) = preSolution
		HideSolutionNode = FALSE
	EndGlobalSection
EndGlobal
