
Microsoft Visual Studio Solution File, Format Version 12.00
# Visual Studio Version 17
VisualStudioVersion = 17.2.32630.192
MinimumVisualStudioVersion = 10.0.40219.1
Project("{9A19103F-16F7-4668-BE54-9A1E7A4F7556}") = "ServerApp", "ServerApp\ServerApp.csproj", "{FEF25021-E62C-4C8D-9978-A9078FABD664}"
EndProject
Project("{9A19103F-16F7-4668-BE54-9A1E7A4F7556}") = "ClientApp", "ClientApp\ClientApp.csproj", "{A396BE71-A6DF-432C-9517-B82DE1A48BE4}"
EndProject
Project("{FAE04EC0-301F-11D3-BF4B-00C04F79EFBC}") = "Communication", "Communication\Communication.csproj", "{52C64B9F-E42E-4D0F-8B44-59215F8FFF47}"
EndProject
Global
	GlobalSection(SolutionConfigurationPlatforms) = preSolution
		Debug|Any CPU = Debug|Any CPU
		Release|Any CPU = Release|Any CPU
	EndGlobalSection
	GlobalSection(ProjectConfigurationPlatforms) = postSolution
		{FEF25021-E62C-4C8D-9978-A9078FABD664}.Debug|Any CPU.ActiveCfg = Debug|Any CPU
		{FEF25021-E62C-4C8D-9978-A9078FABD664}.Debug|Any CPU.Build.0 = Debug|Any CPU
		{FEF25021-E62C-4C8D-9978-A9078FABD664}.Release|Any CPU.ActiveCfg = Release|Any CPU
		{FEF25021-E62C-4C8D-9978-A9078FABD664}.Release|Any CPU.Build.0 = Release|Any CPU
		{A396BE71-A6DF-432C-9517-B82DE1A48BE4}.Debug|Any CPU.ActiveCfg = Debug|Any CPU
		{A396BE71-A6DF-432C-9517-B82DE1A48BE4}.Debug|Any CPU.Build.0 = Debug|Any CPU
		{A396BE71-A6DF-432C-9517-B82DE1A48BE4}.Release|Any CPU.ActiveCfg = Release|Any CPU
		{A396BE71-A6DF-432C-9517-B82DE1A48BE4}.Release|Any CPU.Build.0 = Release|Any CPU
		{52C64B9F-E42E-4D0F-8B44-59215F8FFF47}.Debug|Any CPU.ActiveCfg = Debug|Any CPU
		{52C64B9F-E42E-4D0F-8B44-59215F8FFF47}.Debug|Any CPU.Build.0 = Debug|Any CPU
		{52C64B9F-E42E-4D0F-8B44-59215F8FFF47}.Release|Any CPU.ActiveCfg = Release|Any CPU
		{52C64B9F-E42E-4D0F-8B44-59215F8FFF47}.Release|Any CPU.Build.0 = Release|Any CPU
	EndGlobalSection
	GlobalSection(SolutionProperties) = preSolution
		HideSolutionNode = FALSE
	EndGlobalSection
	GlobalSection(ExtensibilityGlobals) = postSolution
		SolutionGuid = {2EC58F5C-8225-4CC2-B646-FA8B1B79E42A}
	EndGlobalSection
EndGlobal
