
Microsoft Visual Studio Solution File, Format Version 12.00
# Visual Studio Version 17
VisualStudioVersion = 17.0.31903.59
MinimumVisualStudioVersion = 10.0.40219.1
Project("{FAE04EC0-301F-11D3-BF4B-00C04F79EFBC}") = "Cliente_Cancelacion", "Cliente_Cancelacion\Cliente_Cancelacion.csproj", "{D0B84AAD-EB6F-4868-95EC-D8CCFAB83403}"
EndProject
Project("{FAE04EC0-301F-11D3-BF4B-00C04F79EFBC}") = "Cliente_WhenAll", "Cliente_WhenAll\Cliente_WhenAll.csproj", "{562A08DE-8CDA-4F20-951F-641909B61B6B}"
EndProject
Project("{FAE04EC0-301F-11D3-BF4B-00C04F79EFBC}") = "Cliente_WhenAny", "Cliente_WhenAny\Cliente_WhenAny.csproj", "{1C7A1B50-9C25-435D-BFF1-9CC30AB857FC}"
EndProject
Project("{FAE04EC0-301F-11D3-BF4B-00C04F79EFBC}") = "Cliente_v1_Sync", "Cliente_v1_Sync\Cliente_v1_Sync.csproj", "{60883606-EEC1-42B0-A231-D97BD766247F}"
EndProject
Project("{FAE04EC0-301F-11D3-BF4B-00C04F79EFBC}") = "Cliente_v4_Async", "Cliente_v4_Async\Cliente_v4_Async.csproj", "{56C46CA5-95FD-4DB3-8003-2C677B319F5D}"
EndProject
Project("{FAE04EC0-301F-11D3-BF4B-00C04F79EFBC}") = "Paralelo", "Paralelo\Paralelo.csproj", "{1915D310-2189-43FF-AEB4-5056B21CEF1F}"
EndProject
Project("{FAE04EC0-301F-11D3-BF4B-00C04F79EFBC}") = "Servidor_v1_Secuencial", "Servidor_v1_Secuencial\Servidor_v1_Secuencial.csproj", "{70C96148-BE38-4746-AB9A-87F96013C641}"
EndProject
Project("{FAE04EC0-301F-11D3-BF4B-00C04F79EFBC}") = "Servidor_v2_Thread", "Servidor_v2_Thread\Servidor_v2_Thread.csproj", "{530F74FF-D944-4D10-9A79-CF45CBAE3124}"
EndProject
Project("{FAE04EC0-301F-11D3-BF4B-00C04F79EFBC}") = "Servidor_v3_TaskRun", "Servidor_v3_TaskRun\Servidor_v3_TaskRun.csproj", "{14639CDC-1074-4446-995E-427E82CA90E1}"
EndProject
Project("{FAE04EC0-301F-11D3-BF4B-00C04F79EFBC}") = "Servidor_v4_Async", "Servidor_v4_Async\Servidor_v4_Async.csproj", "{816F75B1-3E44-4DA3-AAD4-39608D65DBAF}"
EndProject
Project("{FAE04EC0-301F-11D3-BF4B-00C04F79EFBC}") = "Servidor_v7_Cancelacion", "Servidor_v7_Cancelacion\Servidor_v7_Cancelacion.csproj", "{B671B830-08DE-48A6-83D2-9FAB0C92AB9C}"
EndProject
Project("{FAE04EC0-301F-11D3-BF4B-00C04F79EFBC}") = "Tareas", "Tareas\Tareas.csproj", "{A8FD085A-9CBD-451B-AD0B-7F7DAFDE8FC9}"
EndProject
Global
	GlobalSection(SolutionConfigurationPlatforms) = preSolution
		Debug|Any CPU = Debug|Any CPU
		Release|Any CPU = Release|Any CPU
	EndGlobalSection
	GlobalSection(SolutionProperties) = preSolution
		HideSolutionNode = FALSE
	EndGlobalSection
	GlobalSection(ProjectConfigurationPlatforms) = postSolution
		{D0B84AAD-EB6F-4868-95EC-D8CCFAB83403}.Debug|Any CPU.ActiveCfg = Debug|Any CPU
		{D0B84AAD-EB6F-4868-95EC-D8CCFAB83403}.Debug|Any CPU.Build.0 = Debug|Any CPU
		{D0B84AAD-EB6F-4868-95EC-D8CCFAB83403}.Release|Any CPU.ActiveCfg = Release|Any CPU
		{D0B84AAD-EB6F-4868-95EC-D8CCFAB83403}.Release|Any CPU.Build.0 = Release|Any CPU
		{562A08DE-8CDA-4F20-951F-641909B61B6B}.Debug|Any CPU.ActiveCfg = Debug|Any CPU
		{562A08DE-8CDA-4F20-951F-641909B61B6B}.Debug|Any CPU.Build.0 = Debug|Any CPU
		{562A08DE-8CDA-4F20-951F-641909B61B6B}.Release|Any CPU.ActiveCfg = Release|Any CPU
		{562A08DE-8CDA-4F20-951F-641909B61B6B}.Release|Any CPU.Build.0 = Release|Any CPU
		{1C7A1B50-9C25-435D-BFF1-9CC30AB857FC}.Debug|Any CPU.ActiveCfg = Debug|Any CPU
		{1C7A1B50-9C25-435D-BFF1-9CC30AB857FC}.Debug|Any CPU.Build.0 = Debug|Any CPU
		{1C7A1B50-9C25-435D-BFF1-9CC30AB857FC}.Release|Any CPU.ActiveCfg = Release|Any CPU
		{1C7A1B50-9C25-435D-BFF1-9CC30AB857FC}.Release|Any CPU.Build.0 = Release|Any CPU
		{60883606-EEC1-42B0-A231-D97BD766247F}.Debug|Any CPU.ActiveCfg = Debug|Any CPU
		{60883606-EEC1-42B0-A231-D97BD766247F}.Debug|Any CPU.Build.0 = Debug|Any CPU
		{60883606-EEC1-42B0-A231-D97BD766247F}.Release|Any CPU.ActiveCfg = Release|Any CPU
		{60883606-EEC1-42B0-A231-D97BD766247F}.Release|Any CPU.Build.0 = Release|Any CPU
		{56C46CA5-95FD-4DB3-8003-2C677B319F5D}.Debug|Any CPU.ActiveCfg = Debug|Any CPU
		{56C46CA5-95FD-4DB3-8003-2C677B319F5D}.Debug|Any CPU.Build.0 = Debug|Any CPU
		{56C46CA5-95FD-4DB3-8003-2C677B319F5D}.Release|Any CPU.ActiveCfg = Release|Any CPU
		{56C46CA5-95FD-4DB3-8003-2C677B319F5D}.Release|Any CPU.Build.0 = Release|Any CPU
		{1915D310-2189-43FF-AEB4-5056B21CEF1F}.Debug|Any CPU.ActiveCfg = Debug|Any CPU
		{1915D310-2189-43FF-AEB4-5056B21CEF1F}.Debug|Any CPU.Build.0 = Debug|Any CPU
		{1915D310-2189-43FF-AEB4-5056B21CEF1F}.Release|Any CPU.ActiveCfg = Release|Any CPU
		{1915D310-2189-43FF-AEB4-5056B21CEF1F}.Release|Any CPU.Build.0 = Release|Any CPU
		{70C96148-BE38-4746-AB9A-87F96013C641}.Debug|Any CPU.ActiveCfg = Debug|Any CPU
		{70C96148-BE38-4746-AB9A-87F96013C641}.Debug|Any CPU.Build.0 = Debug|Any CPU
		{70C96148-BE38-4746-AB9A-87F96013C641}.Release|Any CPU.ActiveCfg = Release|Any CPU
		{70C96148-BE38-4746-AB9A-87F96013C641}.Release|Any CPU.Build.0 = Release|Any CPU
		{530F74FF-D944-4D10-9A79-CF45CBAE3124}.Debug|Any CPU.ActiveCfg = Debug|Any CPU
		{530F74FF-D944-4D10-9A79-CF45CBAE3124}.Debug|Any CPU.Build.0 = Debug|Any CPU
		{530F74FF-D944-4D10-9A79-CF45CBAE3124}.Release|Any CPU.ActiveCfg = Release|Any CPU
		{530F74FF-D944-4D10-9A79-CF45CBAE3124}.Release|Any CPU.Build.0 = Release|Any CPU
		{14639CDC-1074-4446-995E-427E82CA90E1}.Debug|Any CPU.ActiveCfg = Debug|Any CPU
		{14639CDC-1074-4446-995E-427E82CA90E1}.Debug|Any CPU.Build.0 = Debug|Any CPU
		{14639CDC-1074-4446-995E-427E82CA90E1}.Release|Any CPU.ActiveCfg = Release|Any CPU
		{14639CDC-1074-4446-995E-427E82CA90E1}.Release|Any CPU.Build.0 = Release|Any CPU
		{816F75B1-3E44-4DA3-AAD4-39608D65DBAF}.Debug|Any CPU.ActiveCfg = Debug|Any CPU
		{816F75B1-3E44-4DA3-AAD4-39608D65DBAF}.Debug|Any CPU.Build.0 = Debug|Any CPU
		{816F75B1-3E44-4DA3-AAD4-39608D65DBAF}.Release|Any CPU.ActiveCfg = Release|Any CPU
		{816F75B1-3E44-4DA3-AAD4-39608D65DBAF}.Release|Any CPU.Build.0 = Release|Any CPU
		{B671B830-08DE-48A6-83D2-9FAB0C92AB9C}.Debug|Any CPU.ActiveCfg = Debug|Any CPU
		{B671B830-08DE-48A6-83D2-9FAB0C92AB9C}.Debug|Any CPU.Build.0 = Debug|Any CPU
		{B671B830-08DE-48A6-83D2-9FAB0C92AB9C}.Release|Any CPU.ActiveCfg = Release|Any CPU
		{B671B830-08DE-48A6-83D2-9FAB0C92AB9C}.Release|Any CPU.Build.0 = Release|Any CPU
		{A8FD085A-9CBD-451B-AD0B-7F7DAFDE8FC9}.Debug|Any CPU.ActiveCfg = Debug|Any CPU
		{A8FD085A-9CBD-451B-AD0B-7F7DAFDE8FC9}.Debug|Any CPU.Build.0 = Debug|Any CPU
		{A8FD085A-9CBD-451B-AD0B-7F7DAFDE8FC9}.Release|Any CPU.ActiveCfg = Release|Any CPU
		{A8FD085A-9CBD-451B-AD0B-7F7DAFDE8FC9}.Release|Any CPU.Build.0 = Release|Any CPU
	EndGlobalSection
EndGlobal
