
Microsoft Visual Studio Solution File, Format Version 12.00
# Visual Studio Version 17
VisualStudioVersion = 17.10.35004.147
MinimumVisualStudioVersion = 10.0.40219.1
Project("{FAE04EC0-301F-11D3-BF4B-00C04F79EFBC}") = "Desayuno", "Desayuno.csproj", "{872E5985-E2EE-4FB7-AB30-7104EFD84ACF}"
EndProject
Project("{FAE04EC0-301F-11D3-BF4B-00C04F79EFBC}") = "DesayunoAsync", "..\DesayunoAsync\DesayunoAsync.csproj", "{0155AD96-77DD-4397-BBB0-40FB1590B4B9}"
EndProject
Project("{FAE04EC0-301F-11D3-BF4B-00C04F79EFBC}") = "Common", "..\Common\Common.csproj", "{74723FC0-7512-4982-8F6D-7B237F5EEA8B}"
EndProject
Project("{FAE04EC0-301F-11D3-BF4B-00C04F79EFBC}") = "DesayunoAsync2", "..\DesayunoAsync2\DesayunoAsync2.csproj", "{EA0CC025-67CE-4937-A1D6-69433EA9B2FA}"
EndProject
Project("{FAE04EC0-301F-11D3-BF4B-00C04F79EFBC}") = "DesayunoAsync3", "DesayunoAsync3\DesayunoAsync3.csproj", "{96A9A04E-0A4A-4833-95D6-C26F0F6DCF17}"
EndProject
Global
	GlobalSection(SolutionConfigurationPlatforms) = preSolution
		Debug|Any CPU = Debug|Any CPU
		Release|Any CPU = Release|Any CPU
	EndGlobalSection
	GlobalSection(ProjectConfigurationPlatforms) = postSolution
		{872E5985-E2EE-4FB7-AB30-7104EFD84ACF}.Debug|Any CPU.ActiveCfg = Debug|Any CPU
		{872E5985-E2EE-4FB7-AB30-7104EFD84ACF}.Debug|Any CPU.Build.0 = Debug|Any CPU
		{872E5985-E2EE-4FB7-AB30-7104EFD84ACF}.Release|Any CPU.ActiveCfg = Release|Any CPU
		{872E5985-E2EE-4FB7-AB30-7104EFD84ACF}.Release|Any CPU.Build.0 = Release|Any CPU
		{0155AD96-77DD-4397-BBB0-40FB1590B4B9}.Debug|Any CPU.ActiveCfg = Debug|Any CPU
		{0155AD96-77DD-4397-BBB0-40FB1590B4B9}.Debug|Any CPU.Build.0 = Debug|Any CPU
		{0155AD96-77DD-4397-BBB0-40FB1590B4B9}.Release|Any CPU.ActiveCfg = Release|Any CPU
		{0155AD96-77DD-4397-BBB0-40FB1590B4B9}.Release|Any CPU.Build.0 = Release|Any CPU
		{74723FC0-7512-4982-8F6D-7B237F5EEA8B}.Debug|Any CPU.ActiveCfg = Debug|Any CPU
		{74723FC0-7512-4982-8F6D-7B237F5EEA8B}.Debug|Any CPU.Build.0 = Debug|Any CPU
		{74723FC0-7512-4982-8F6D-7B237F5EEA8B}.Release|Any CPU.ActiveCfg = Release|Any CPU
		{74723FC0-7512-4982-8F6D-7B237F5EEA8B}.Release|Any CPU.Build.0 = Release|Any CPU
		{EA0CC025-67CE-4937-A1D6-69433EA9B2FA}.Debug|Any CPU.ActiveCfg = Debug|Any CPU
		{EA0CC025-67CE-4937-A1D6-69433EA9B2FA}.Debug|Any CPU.Build.0 = Debug|Any CPU
		{EA0CC025-67CE-4937-A1D6-69433EA9B2FA}.Release|Any CPU.ActiveCfg = Release|Any CPU
		{EA0CC025-67CE-4937-A1D6-69433EA9B2FA}.Release|Any CPU.Build.0 = Release|Any CPU
		{96A9A04E-0A4A-4833-95D6-C26F0F6DCF17}.Debug|Any CPU.ActiveCfg = Debug|Any CPU
		{96A9A04E-0A4A-4833-95D6-C26F0F6DCF17}.Debug|Any CPU.Build.0 = Debug|Any CPU
		{96A9A04E-0A4A-4833-95D6-C26F0F6DCF17}.Release|Any CPU.ActiveCfg = Release|Any CPU
		{96A9A04E-0A4A-4833-95D6-C26F0F6DCF17}.Release|Any CPU.Build.0 = Release|Any CPU
	EndGlobalSection
	GlobalSection(SolutionProperties) = preSolution
		HideSolutionNode = FALSE
	EndGlobalSection
	GlobalSection(ExtensibilityGlobals) = postSolution
		SolutionGuid = {DA7204B8-2398-4C1E-B446-8F0662BF9A03}
	EndGlobalSection
EndGlobal
